
Microsoft Visual Studio Solution File, Format Version 12.00
# Visual Studio Version 16
VisualStudioVersion = 16.0.30225.117
MinimumVisualStudioVersion = 10.0.40219.1
Project("{9A19103F-16F7-4668-BE54-9A1E7A4F7556}") = "Todo.API", "TodoApi\Todo.API.csproj", "{6A3B8EE4-0A25-45F8-B06C-4F184711EAC1}"
EndProject
Project("{9A19103F-16F7-4668-BE54-9A1E7A4F7556}") = "Todo.Models", "Todo.Models\Todo.Models.csproj", "{8BD9C41C-5CBF-4B68-9223-1E3CC48257C0}"
EndProject
Project("{9A19103F-16F7-4668-BE54-9A1E7A4F7556}") = "Todo.Formms", "Todo.Formms\Todo.Formms.csproj", "{767624EA-4D60-4114-B13A-BEAA7C32CC07}"
EndProject
Global
	GlobalSection(SolutionConfigurationPlatforms) = preSolution
		Debug|Any CPU = Debug|Any CPU
		Release|Any CPU = Release|Any CPU
	EndGlobalSection
	GlobalSection(ProjectConfigurationPlatforms) = postSolution
		{6A3B8EE4-0A25-45F8-B06C-4F184711EAC1}.Debug|Any CPU.ActiveCfg = Debug|Any CPU
		{6A3B8EE4-0A25-45F8-B06C-4F184711EAC1}.Debug|Any CPU.Build.0 = Debug|Any CPU
		{6A3B8EE4-0A25-45F8-B06C-4F184711EAC1}.Release|Any CPU.ActiveCfg = Release|Any CPU
		{6A3B8EE4-0A25-45F8-B06C-4F184711EAC1}.Release|Any CPU.Build.0 = Release|Any CPU
		{8BD9C41C-5CBF-4B68-9223-1E3CC48257C0}.Debug|Any CPU.ActiveCfg = Debug|Any CPU
		{8BD9C41C-5CBF-4B68-9223-1E3CC48257C0}.Debug|Any CPU.Build.0 = Debug|Any CPU
		{8BD9C41C-5CBF-4B68-9223-1E3CC48257C0}.Release|Any CPU.ActiveCfg = Release|Any CPU
		{8BD9C41C-5CBF-4B68-9223-1E3CC48257C0}.Release|Any CPU.Build.0 = Release|Any CPU
		{767624EA-4D60-4114-B13A-BEAA7C32CC07}.Debug|Any CPU.ActiveCfg = Debug|Any CPU
		{767624EA-4D60-4114-B13A-BEAA7C32CC07}.Debug|Any CPU.Build.0 = Debug|Any CPU
		{767624EA-4D60-4114-B13A-BEAA7C32CC07}.Release|Any CPU.ActiveCfg = Release|Any CPU
		{767624EA-4D60-4114-B13A-BEAA7C32CC07}.Release|Any CPU.Build.0 = Release|Any CPU
	EndGlobalSection
	GlobalSection(SolutionProperties) = preSolution
		HideSolutionNode = FALSE
	EndGlobalSection
	GlobalSection(ExtensibilityGlobals) = postSolution
		SolutionGuid = {3C8BB95B-FC2F-40B2-8546-D7320A2E56EC}
	EndGlobalSection
EndGlobal
